// !$*UTF8*$!
{
	archiveVersion = 1;
	classes = {
	};
	objectVersion = 48;
	objects = {

/* Begin PBXBuildFile section */
		84561025A9968768D4CADB4C /* libPods-TestRN.a in Frameworks */ = {isa = PBXBuildFile; fileRef = 951EDCE33C1B12B7DB69E28C /* libPods-TestRN.a */; };
		C135B18D1FF5DCE800A439A6 /* AppDelegate.m in Sources */ = {isa = PBXBuildFile; fileRef = C135B18C1FF5DCE800A439A6 /* AppDelegate.m */; };
		C135B1901FF5DCE800A439A6 /* ViewController.m in Sources */ = {isa = PBXBuildFile; fileRef = C135B18F1FF5DCE800A439A6 /* ViewController.m */; };
		C135B1931FF5DCE800A439A6 /* Main.storyboard in Resources */ = {isa = PBXBuildFile; fileRef = C135B1911FF5DCE800A439A6 /* Main.storyboard */; };
		C135B1951FF5DCE800A439A6 /* Assets.xcassets in Resources */ = {isa = PBXBuildFile; fileRef = C135B1941FF5DCE800A439A6 /* Assets.xcassets */; };
		C135B1981FF5DCE800A439A6 /* LaunchScreen.storyboard in Resources */ = {isa = PBXBuildFile; fileRef = C135B1961FF5DCE800A439A6 /* LaunchScreen.storyboard */; };
		C135B19B1FF5DCE800A439A6 /* main.m in Sources */ = {isa = PBXBuildFile; fileRef = C135B19A1FF5DCE800A439A6 /* main.m */; };
/* End PBXBuildFile section */

/* Begin PBXFileReference section */
		1F638FAC7926D28B8D5F09A0 /* Pods-TestRN.debug.xcconfig */ = {isa = PBXFileReference; includeInIndex = 1; lastKnownFileType = text.xcconfig; name = "Pods-TestRN.debug.xcconfig"; path = "Pods/Target Support Files/Pods-TestRN/Pods-TestRN.debug.xcconfig"; sourceTree = "<group>"; };
		40159B72063DBA873CA5F22D /* Pods-TestRN.release.xcconfig */ = {isa = PBXFileReference; includeInIndex = 1; lastKnownFileType = text.xcconfig; name = "Pods-TestRN.release.xcconfig"; path = "Pods/Target Support Files/Pods-TestRN/Pods-TestRN.release.xcconfig"; sourceTree = "<group>"; };
		951EDCE33C1B12B7DB69E28C /* libPods-TestRN.a */ = {isa = PBXFileReference; explicitFileType = archive.ar; includeInIndex = 0; path = "libPods-TestRN.a"; sourceTree = BUILT_PRODUCTS_DIR; };
		C135B1881FF5DCE800A439A6 /* TestRN.app */ = {isa = PBXFileReference; explicitFileType = wrapper.application; includeInIndex = 0; path = TestRN.app; sourceTree = BUILT_PRODUCTS_DIR; };
		C135B18B1FF5DCE800A439A6 /* AppDelegate.h */ = {isa = PBXFileReference; lastKnownFileType = sourcecode.c.h; path = AppDelegate.h; sourceTree = "<group>"; };
		C135B18C1FF5DCE800A439A6 /* AppDelegate.m */ = {isa = PBXFileReference; lastKnownFileType = sourcecode.c.objc; path = AppDelegate.m; sourceTree = "<group>"; };
		C135B18E1FF5DCE800A439A6 /* ViewController.h */ = {isa = PBXFileReference; lastKnownFileType = sourcecode.c.h; path = ViewController.h; sourceTree = "<group>"; };
		C135B18F1FF5DCE800A439A6 /* ViewController.m */ = {isa = PBXFileReference; lastKnownFileType = sourcecode.c.objc; path = ViewController.m; sourceTree = "<group>"; };
		C135B1921FF5DCE800A439A6 /* Base */ = {isa = PBXFileReference; lastKnownFileType = file.storyboard; name = Base; path = Base.lproj/Main.storyboard; sourceTree = "<group>"; };
		C135B1941FF5DCE800A439A6 /* Assets.xcassets */ = {isa = PBXFileReference; lastKnownFileType = folder.assetcatalog; path = Assets.xcassets; sourceTree = "<group>"; };
		C135B1971FF5DCE800A439A6 /* Base */ = {isa = PBXFileReference; lastKnownFileType = file.storyboard; name = Base; path = Base.lproj/LaunchScreen.storyboard; sourceTree = "<group>"; };
		C135B1991FF5DCE800A439A6 /* Info.plist */ = {isa = PBXFileReference; lastKnownFileType = text.plist.xml; path = Info.plist; sourceTree = "<group>"; };
		C135B19A1FF5DCE800A439A6 /* main.m */ = {isa = PBXFileReference; lastKnownFileType = sourcecode.c.objc; path = main.m; sourceTree = "<group>"; };
/* End PBXFileReference section */

/* Begin PBXFrameworksBuildPhase section */
		C135B1851FF5DCE800A439A6 /* Frameworks */ = {
			isa = PBXFrameworksBuildPhase;
			buildActionMask = 2147483647;
			files = (
				84561025A9968768D4CADB4C /* libPods-TestRN.a in Frameworks */,
			);
			runOnlyForDeploymentPostprocessing = 0;
		};
/* End PBXFrameworksBuildPhase section */

/* Begin PBXGroup section */
		84FA22AA4CFF072BC78B4F9C /* Pods */ = {
			isa = PBXGroup;
			children = (
				1F638FAC7926D28B8D5F09A0 /* Pods-TestRN.debug.xcconfig */,
				40159B72063DBA873CA5F22D /* Pods-TestRN.release.xcconfig */,
			);
			name = Pods;
			sourceTree = "<group>";
		};
		C135B17F1FF5DCE800A439A6 = {
			isa = PBXGroup;
			children = (
				C135B18A1FF5DCE800A439A6 /* TestRN */,
				C135B1891FF5DCE800A439A6 /* Products */,
				84FA22AA4CFF072BC78B4F9C /* Pods */,
				E82ACB47405B0086AA47DBA4 /* Frameworks */,
			);
			sourceTree = "<group>";
		};
		C135B1891FF5DCE800A439A6 /* Products */ = {
			isa = PBXGroup;
			children = (
				C135B1881FF5DCE800A439A6 /* TestRN.app */,
			);
			name = Products;
			sourceTree = "<group>";
		};
		C135B18A1FF5DCE800A439A6 /* TestRN */ = {
			isa = PBXGroup;
			children = (
				C135B18B1FF5DCE800A439A6 /* AppDelegate.h */,
				C135B18C1FF5DCE800A439A6 /* AppDelegate.m */,
				C135B18E1FF5DCE800A439A6 /* ViewController.h */,
				C135B18F1FF5DCE800A439A6 /* ViewController.m */,
				C135B1911FF5DCE800A439A6 /* Main.storyboard */,
				C135B1941FF5DCE800A439A6 /* Assets.xcassets */,
				C135B1961FF5DCE800A439A6 /* LaunchScreen.storyboard */,
				C135B1991FF5DCE800A439A6 /* Info.plist */,
				C135B19A1FF5DCE800A439A6 /* main.m */,
			);
			path = TestRN;
			sourceTree = "<group>";
		};
		E82ACB47405B0086AA47DBA4 /* Frameworks */ = {
			isa = PBXGroup;
			children = (
				951EDCE33C1B12B7DB69E28C /* libPods-TestRN.a */,
			);
			name = Frameworks;
			sourceTree = "<group>";
		};
/* End PBXGroup section */

/* Begin PBXNativeTarget section */
		C135B1871FF5DCE800A439A6 /* TestRN */ = {
			isa = PBXNativeTarget;
			buildConfigurationList = C135B19E1FF5DCE800A439A6 /* Build configuration list for PBXNativeTarget "TestRN" */;
			buildPhases = (
				51D599A41BF4158C7AB45896 /* [CP] Check Pods Manifest.lock */,
				C135B1841FF5DCE800A439A6 /* Sources */,
				C135B1851FF5DCE800A439A6 /* Frameworks */,
				C135B1861FF5DCE800A439A6 /* Resources */,
				1AA1AB908AEC5134013BD98A /* [CP] Embed Pods Frameworks */,
				B2CE0CCD769A240861CE4CE4 /* [CP] Copy Pods Resources */,
			);
			buildRules = (
			);
			dependencies = (
			);
			name = TestRN;
			productName = TestRN;
			productReference = C135B1881FF5DCE800A439A6 /* TestRN.app */;
			productType = "com.apple.product-type.application";
		};
/* End PBXNativeTarget section */

/* Begin PBXProject section */
		C135B1801FF5DCE800A439A6 /* Project object */ = {
			isa = PBXProject;
			attributes = {
				LastUpgradeCheck = 0900;
				ORGANIZATIONNAME = huangmingwei;
				TargetAttributes = {
					C135B1871FF5DCE800A439A6 = {
						CreatedOnToolsVersion = 9.0;
						ProvisioningStyle = Automatic;
					};
				};
			};
			buildConfigurationList = C135B1831FF5DCE800A439A6 /* Build configuration list for PBXProject "TestRN" */;
			compatibilityVersion = "Xcode 8.0";
			developmentRegion = en;
			hasScannedForEncodings = 0;
			knownRegions = (
				en,
				Base,
			);
			mainGroup = C135B17F1FF5DCE800A439A6;
			productRefGroup = C135B1891FF5DCE800A439A6 /* Products */;
			projectDirPath = "";
			projectRoot = "";
			targets = (
				C135B1871FF5DCE800A439A6 /* TestRN */,
			);
		};
/* End PBXProject section */

/* Begin PBXResourcesBuildPhase section */
		C135B1861FF5DCE800A439A6 /* Resources */ = {
			isa = PBXResourcesBuildPhase;
			buildActionMask = 2147483647;
			files = (
				C135B1981FF5DCE800A439A6 /* LaunchScreen.storyboard in Resources */,
				C135B1951FF5DCE800A439A6 /* Assets.xcassets in Resources */,
				C135B1931FF5DCE800A439A6 /* Main.storyboard in Resources */,
			);
			runOnlyForDeploymentPostprocessing = 0;
		};
/* End PBXResourcesBuildPhase section */

/* Begin PBXShellScriptBuildPhase section */
		1AA1AB908AEC5134013BD98A /* [CP] Embed Pods Frameworks */ = {
			isa = PBXShellScriptBuildPhase;
			buildActionMask = 2147483647;
			files = (
			);
			inputPaths = (
			);
			name = "[CP] Embed Pods Frameworks";
			outputPaths = (
			);
			runOnlyForDeploymentPostprocessing = 0;
			shellPath = /bin/sh;
			shellScript = "\"${SRCROOT}/Pods/Target Support Files/Pods-TestRN/Pods-TestRN-frameworks.sh\"\n";
			showEnvVarsInLog = 0;
		};
		51D599A41BF4158C7AB45896 /* [CP] Check Pods Manifest.lock */ = {
			isa = PBXShellScriptBuildPhase;
			buildActionMask = 2147483647;
			files = (
			);
			inputPaths = (
			);
			name = "[CP] Check Pods Manifest.lock";
			outputPaths = (
			);
			runOnlyForDeploymentPostprocessing = 0;
			shellPath = /bin/sh;
			shellScript = "diff \"${PODS_ROOT}/../Podfile.lock\" \"${PODS_ROOT}/Manifest.lock\" > /dev/null\nif [ $? != 0 ] ; then\n    # print error to STDERR\n    echo \"error: The sandbox is not in sync with the Podfile.lock. Run 'pod install' or update your CocoaPods installation.\" >&2\n    exit 1\nfi\n";
			showEnvVarsInLog = 0;
		};
		B2CE0CCD769A240861CE4CE4 /* [CP] Copy Pods Resources */ = {
			isa = PBXShellScriptBuildPhase;
			buildActionMask = 2147483647;
			files = (
			);
			inputPaths = (
			);
			name = "[CP] Copy Pods Resources";
			outputPaths = (
			);
			runOnlyForDeploymentPostprocessing = 0;
			shellPath = /bin/sh;
			shellScript = "\"${SRCROOT}/Pods/Target Support Files/Pods-TestRN/Pods-TestRN-resources.sh\"\n";
			showEnvVarsInLog = 0;
		};
/* End PBXShellScriptBuildPhase section */

/* Begin PBXSourcesBuildPhase section */
		C135B1841FF5DCE800A439A6 /* Sources */ = {
			isa = PBXSourcesBuildPhase;
			buildActionMask = 2147483647;
			files = (
				C135B1901FF5DCE800A439A6 /* ViewController.m in Sources */,
				C135B19B1FF5DCE800A439A6 /* main.m in Sources */,
				C135B18D1FF5DCE800A439A6 /* AppDelegate.m in Sources */,
			);
			runOnlyForDeploymentPostprocessing = 0;
		};
/* End PBXSourcesBuildPhase section */

/* Begin PBXVariantGroup section */
		C135B1911FF5DCE800A439A6 /* Main.storyboard */ = {
			isa = PBXVariantGroup;
			children = (
				C135B1921FF5DCE800A439A6 /* Base */,
			);
			name = Main.storyboard;
			sourceTree = "<group>";
		};
		C135B1961FF5DCE800A439A6 /* LaunchScreen.storyboard */ = {
			isa = PBXVariantGroup;
			children = (
				C135B1971FF5DCE800A439A6 /* Base */,
			);
			name = LaunchScreen.storyboard;
			sourceTree = "<group>";
		};
/* End PBXVariantGroup section */

/* Begin XCBuildConfiguration section */
		C135B19C1FF5DCE800A439A6 /* Debug */ = {
			isa = XCBuildConfiguration;
			buildSettings = {
				ALWAYS_SEARCH_USER_PATHS = NO;
				CLANG_ANALYZER_NONNULL = YES;
				CLANG_ANALYZER_NUMBER_OBJECT_CONVERSION = YES_AGGRESSIVE;
				CLANG_CXX_LANGUAGE_STANDARD = "gnu++14";
				CLANG_CXX_LIBRARY = "libc++";
				CLANG_ENABLE_MODULES = YES;
				CLANG_ENABLE_OBJC_ARC = YES;
				CLANG_WARN_BLOCK_CAPTURE_AUTORELEASING = YES;
				CLANG_WARN_BOOL_CONVERSION = YES;
				CLANG_WARN_COMMA = YES;
				CLANG_WARN_CONSTANT_CONVERSION = YES;
				CLANG_WARN_DIRECT_OBJC_ISA_USAGE = YES_ERROR;
				CLANG_WARN_DOCUMENTATION_COMMENTS = YES;
				CLANG_WARN_EMPTY_BODY = YES;
				CLANG_WARN_ENUM_CONVERSION = YES;
				CLANG_WARN_INFINITE_RECURSION = YES;
				CLANG_WARN_INT_CONVERSION = YES;
				CLANG_WARN_NON_LITERAL_NULL_CONVERSION = YES;
				CLANG_WARN_OBJC_LITERAL_CONVERSION = YES;
				CLANG_WARN_OBJC_ROOT_CLASS = YES_ERROR;
				CLANG_WARN_RANGE_LOOP_ANALYSIS = YES;
				CLANG_WARN_STRICT_PROTOTYPES = YES;
				CLANG_WARN_SUSPICIOUS_MOVE = YES;
				CLANG_WARN_UNGUARDED_AVAILABILITY = YES_AGGRESSIVE;
				CLANG_WARN_UNREACHABLE_CODE = YES;
				CLANG_WARN__DUPLICATE_METHOD_MATCH = YES;
				CODE_SIGN_IDENTITY = "iPhone Developer";
				COPY_PHASE_STRIP = NO;
				DEBUG_INFORMATION_FORMAT = dwarf;
				ENABLE_STRICT_OBJC_MSGSEND = YES;
				ENABLE_TESTABILITY = YES;
				GCC_C_LANGUAGE_STANDARD = gnu11;
				GCC_DYNAMIC_NO_PIC = NO;
				GCC_NO_COMMON_BLOCKS = YES;
				GCC_OPTIMIZATION_LEVEL = 0;
				GCC_PREPROCESSOR_DEFINITIONS = (
					"DEBUG=1",
					"$(inherited)",
				);
				GCC_WARN_64_TO_32_BIT_CONVERSION = YES;
				GCC_WARN_ABOUT_RETURN_TYPE = YES_ERROR;
				GCC_WARN_UNDECLARED_SELECTOR = YES;
				GCC_WARN_UNINITIALIZED_AUTOS = YES_AGGRESSIVE;
				GCC_WARN_UNUSED_FUNCTION = YES;
				GCC_WARN_UNUSED_VARIABLE = YES;
				IPHONEOS_DEPLOYMENT_TARGET = 11.0;
				MTL_ENABLE_DEBUG_INFO = YES;
				ONLY_ACTIVE_ARCH = YES;
				SDKROOT = iphoneos;
			};
			name = Debug;
		};
		C135B19D1FF5DCE800A439A6 /* Release */ = {
			isa = XCBuildConfiguration;
			buildSettings = {
				ALWAYS_SEARCH_USER_PATHS = NO;
				CLANG_ANALYZER_NONNULL = YES;
				CLANG_ANALYZER_NUMBER_OBJECT_CONVERSION = YES_AGGRESSIVE;
				CLANG_CXX_LANGUAGE_STANDARD = "gnu++14";
				CLANG_CXX_LIBRARY = "libc++";
				CLANG_ENABLE_MODULES = YES;
				CLANG_ENABLE_OBJC_ARC = YES;
				CLANG_WARN_BLOCK_CAPTURE_AUTORELEASING = YES;
				CLANG_WARN_BOOL_CONVERSION = YES;
				CLANG_WARN_COMMA = YES;
				CLANG_WARN_CONSTANT_CONVERSION = YES;
				CLANG_WARN_DIRECT_OBJC_ISA_USAGE = YES_ERROR;
				CLANG_WARN_DOCUMENTATION_COMMENTS = YES;
				CLANG_WARN_EMPTY_BODY = YES;
				CLANG_WARN_ENUM_CONVERSION = YES;
				CLANG_WARN_INFINITE_RECURSION = YES;
				CLANG_WARN_INT_CONVERSION = YES;
				CLANG_WARN_NON_LITERAL_NULL_CONVERSION = YES;
				CLANG_WARN_OBJC_LITERAL_CONVERSION = YES;
				CLANG_WARN_OBJC_ROOT_CLASS = YES_ERROR;
				CLANG_WARN_RANGE_LOOP_ANALYSIS = YES;
				CLANG_WARN_STRICT_PROTOTYPES = YES;
				CLANG_WARN_SUSPICIOUS_MOVE = YES;
				CLANG_WARN_UNGUARDED_AVAILABILITY = YES_AGGRESSIVE;
				CLANG_WARN_UNREACHABLE_CODE = YES;
				CLANG_WARN__DUPLICATE_METHOD_MATCH = YES;
				CODE_SIGN_IDENTITY = "iPhone Developer";
				COPY_PHASE_STRIP = NO;
				DEBUG_INFORMATION_FORMAT = "dwarf-with-dsym";
				ENABLE_NS_ASSERTIONS = NO;
				ENABLE_STRICT_OBJC_MSGSEND = YES;
				GCC_C_LANGUAGE_STANDARD = gnu11;
				GCC_NO_COMMON_BLOCKS = YES;
				GCC_WARN_64_TO_32_BIT_CONVERSION = YES;
				GCC_WARN_ABOUT_RETURN_TYPE = YES_ERROR;
				GCC_WARN_UNDECLARED_SELECTOR = YES;
				GCC_WARN_UNINITIALIZED_AUTOS = YES_AGGRESSIVE;
				GCC_WARN_UNUSED_FUNCTION = YES;
				GCC_WARN_UNUSED_VARIABLE = YES;
				IPHONEOS_DEPLOYMENT_TARGET = 11.0;
				MTL_ENABLE_DEBUG_INFO = NO;
				SDKROOT = iphoneos;
				VALIDATE_PRODUCT = YES;
			};
			name = Release;
		};
		C135B19F1FF5DCE800A439A6 /* Debug */ = {
			isa = XCBuildConfiguration;
			baseConfigurationReference = 1F638FAC7926D28B8D5F09A0 /* Pods-TestRN.debug.xcconfig */;
			buildSettings = {
				ASSETCATALOG_COMPILER_APPICON_NAME = AppIcon;
				CODE_SIGN_STYLE = Automatic;
				INFOPLIST_FILE = TestRN/Info.plist;
				LD_RUNPATH_SEARCH_PATHS = "$(inherited) @executable_path/Frameworks";
				PRODUCT_BUNDLE_IDENTIFIER = nd.TestRN;
				PRODUCT_NAME = "$(TARGET_NAME)";
				TARGETED_DEVICE_FAMILY = "1,2";
			};
			name = Debug;
		};
		C135B1A01FF5DCE800A439A6 /* Release */ = {
			isa = XCBuildConfiguration;
			baseConfigurationReference = 40159B72063DBA873CA5F22D /* Pods-TestRN.release.xcconfig */;
			buildSettings = {
				ASSETCATALOG_COMPILER_APPICON_NAME = AppIcon;
				CODE_SIGN_STYLE = Automatic;
				INFOPLIST_FILE = TestRN/Info.plist;
				LD_RUNPATH_SEARCH_PATHS = "$(inherited) @executable_path/Frameworks";
				PRODUCT_BUNDLE_IDENTIFIER = nd.TestRN;
				PRODUCT_NAME = "$(TARGET_NAME)";
				TARGETED_DEVICE_FAMILY = "1,2";
			};
			name = Release;
		};
/* End XCBuildConfiguration section */

/* Begin XCConfigurationList section */
		C135B1831FF5DCE800A439A6 /* Build configuration list for PBXProject "TestRN" */ = {
			isa = XCConfigurationList;
			buildConfigurations = (
				C135B19C1FF5DCE800A439A6 /* Debug */,
				C135B19D1FF5DCE800A439A6 /* Release */,
			);
			defaultConfigurationIsVisible = 0;
			defaultConfigurationName = Release;
		};
		C135B19E1FF5DCE800A439A6 /* Build configuration list for PBXNativeTarget "TestRN" */ = {
			isa = XCConfigurationList;
			buildConfigurations = (
				C135B19F1FF5DCE800A439A6 /* Debug */,
				C135B1A01FF5DCE800A439A6 /* Release */,
			);
			defaultConfigurationIsVisible = 0;
			defaultConfigurationName = Release;
		};
/* End XCConfigurationList section */
	};
	rootObject = C135B1801FF5DCE800A439A6 /* Project object */;
}
